
Microsoft Visual Studio Solution File, Format Version 12.00
# Visual Studio Version 16
VisualStudioVersion = 16.0.31105.61
MinimumVisualStudioVersion = 10.0.40219.1
Project("{2150E333-8FDC-42A3-9474-1A3956D46DE8}") = "His3000UI", "His3000UI", "{8285C6D5-A028-464B-974B-EDD1BCABF26A}"
EndProject
Project("{2150E333-8FDC-42A3-9474-1A3956D46DE8}") = "His3000Negocio", "His3000Negocio", "{1AE51AA8-F8EC-49C3-95D2-2B9D68CC0104}"
EndProject
Project("{2150E333-8FDC-42A3-9474-1A3956D46DE8}") = "Comun", "Comun", "{7AC47FF8-FDE1-42D6-BDFE-E714271E68CA}"
EndProject
Project("{2150E333-8FDC-42A3-9474-1A3956D46DE8}") = "Admision", "Admision", "{2FD19B54-C068-4343-8DA5-5942616956C6}"
EndProject
Project("{2150E333-8FDC-42A3-9474-1A3956D46DE8}") = "Tarifario", "Tarifario", "{D7633CA2-075C-4B9D-A02F-3AAC14432188}"
EndProject
Project("{2150E333-8FDC-42A3-9474-1A3956D46DE8}") = "General", "General", "{374DA4BC-6828-4BF0-A035-6C8603B8C54A}"
EndProject
Project("{2150E333-8FDC-42A3-9474-1A3956D46DE8}") = "Instalador", "Instalador", "{1D7B4755-3BF3-4BFE-A017-B2B770FEBB0B}"
EndProject
Project("{2150E333-8FDC-42A3-9474-1A3956D46DE8}") = "His3000Datos", "His3000Datos", "{B53CA5A2-2F9A-4CAC-9F16-B3E1953CD2A9}"
EndProject
Project("{2150E333-8FDC-42A3-9474-1A3956D46DE8}") = "His3000Entidades", "His3000Entidades", "{A8644CE4-63E8-4586-8652-0E92F9172756}"
EndProject
Project("{2150E333-8FDC-42A3-9474-1A3956D46DE8}") = "Emergencias", "Emergencias", "{A1A97D1D-57B3-4B37-A623-8EF33FD9A36C}"
EndProject
Project("{2150E333-8FDC-42A3-9474-1A3956D46DE8}") = "HistoriasUI", "HistoriasUI", "{5765926D-B095-46CF-8F92-65EE44BD5B12}"
EndProject
Project("{2150E333-8FDC-42A3-9474-1A3956D46DE8}") = "Farmacia", "Farmacia", "{73087F63-2EA5-49DA-BC77-9EC20964398B}"
EndProject
Project("{2150E333-8FDC-42A3-9474-1A3956D46DE8}") = "General", "General", "{37D707FD-C7B3-4534-B8D8-DDF2BF3B2C1D}"
EndProject
Project("{2150E333-8FDC-42A3-9474-1A3956D46DE8}") = "Acceso", "Acceso", "{344284A7-4E9C-407D-A6AA-3851B010DA8E}"
EndProject
Project("{2150E333-8FDC-42A3-9474-1A3956D46DE8}") = "Mantenimiento", "Mantenimiento", "{0104D0C8-0E7E-4B10-9388-2E253863D8EB}"
EndProject
Project("{2150E333-8FDC-42A3-9474-1A3956D46DE8}") = "HisTools", "HisTools", "{FB891A38-6BC8-46A4-B7A1-056CDED305DD}"
EndProject
Project("{2150E333-8FDC-42A3-9474-1A3956D46DE8}") = "Paciente", "Paciente", "{DD6C09F7-613B-48B7-9A73-8567B14CAC4E}"
EndProject
Project("{2150E333-8FDC-42A3-9474-1A3956D46DE8}") = "Cuenta", "Cuenta", "{6D7EB0A6-1573-451E-AC58-EC3B333B2D3A}"
EndProject
Project("{2150E333-8FDC-42A3-9474-1A3956D46DE8}") = "HonorariosMedicos", "HonorariosMedicos", "{3901CDEE-4F50-4523-9F3B-28E849E7D14B}"
EndProject
Project("{2150E333-8FDC-42A3-9474-1A3956D46DE8}") = "Pedidos", "Pedidos", "{90520B07-F4D8-496F-B117-11602B9FE8BF}"
EndProject
Project("{2150E333-8FDC-42A3-9474-1A3956D46DE8}") = "FacturacionUI", "FacturacionUI", "{2C0C596B-AE52-4B13-AFDD-ADADD8C02BF2}"
EndProject
Project("{2150E333-8FDC-42A3-9474-1A3956D46DE8}") = "HabitacionesUI", "HabitacionesUI", "{1E5F98AD-A7FD-4498-90BC-131AE00BDD16}"
EndProject
Project("{2150E333-8FDC-42A3-9474-1A3956D46DE8}") = "bin", "bin", "{DEE77410-FD36-45BF-819E-CFDF7CE2E2F1}"
	ProjectSection(SolutionItems) = preProject
		bin\AlexPilotti.FTPS.Client.dll = bin\AlexPilotti.FTPS.Client.dll
		bin\EFExtensions.dll = bin\EFExtensions.dll
		bin\Intellibox.dll = bin\Intellibox.dll
	EndProjectSection
EndProject
Project("{2150E333-8FDC-42A3-9474-1A3956D46DE8}") = "ArchivosComunes", "ArchivosComunes", "{E14489A3-54A7-41F1-9B5E-49B30D44EF1E}"
EndProject
Project("{FAE04EC0-301F-11D3-BF4B-00C04F79EFBC}") = "Core.Datos", "Core\Core.Datos\Core.Datos.csproj", "{19ACEFD2-D37B-4FD6-A5B8-A36E437AC94A}"
EndProject
Project("{FAE04EC0-301F-11D3-BF4B-00C04F79EFBC}") = "His.Parametros", "His.Parametros\His.Parametros.csproj", "{1BAE75B8-EB2A-49C7-A158-54AE397450CB}"
EndProject
Project("{FAE04EC0-301F-11D3-BF4B-00C04F79EFBC}") = "His.Admision", "His.Admision\His.Admision.csproj", "{5FDFD8B7-8C24-4568-91E8-C99C89108D6F}"
EndProject
Project("{FAE04EC0-301F-11D3-BF4B-00C04F79EFBC}") = "TarifariosUI", "His3000UI\TarifariosUI\TarifariosUI.csproj", "{BD31CBD8-907B-4BD0-B392-69AC93783485}"
EndProject
Project("{FAE04EC0-301F-11D3-BF4B-00C04F79EFBC}") = "GeneralApp", "His3000UI\GeneralUI\GeneralApp.csproj", "{D3BA8C0F-99C3-4CD6-BAC8-4D905A67E3C2}"
EndProject
Project("{FAE04EC0-301F-11D3-BF4B-00C04F79EFBC}") = "AccesoUI", "His3000UI\AccesoUI\AccesoUI.csproj", "{CBAD0178-FEDA-4DE5-96B1-BE546189666C}"
	ProjectSection(ProjectDependencies) = postProject
		{6C736C02-D03F-4ACA-B2E1-4FD3D49F23FC} = {6C736C02-D03F-4ACA-B2E1-4FD3D49F23FC}
		{D7465D15-7567-424B-BDCC-0FE2A75E3DA0} = {D7465D15-7567-424B-BDCC-0FE2A75E3DA0}
		{053A1C21-4C30-4B7E-BE9A-ED2D8F7DB7CF} = {053A1C21-4C30-4B7E-BE9A-ED2D8F7DB7CF}
		{E009D62B-D8FF-4288-9F06-63C48CEE9F75} = {E009D62B-D8FF-4288-9F06-63C48CEE9F75}
		{6E44C066-8AAE-40FA-97BA-ED6EF7DA08D5} = {6E44C066-8AAE-40FA-97BA-ED6EF7DA08D5}
		{99494169-AF26-4DBF-B140-D566F3D9AEB1} = {99494169-AF26-4DBF-B140-D566F3D9AEB1}
		{3D7A1A75-226E-441F-85C6-7A186ADF0BB4} = {3D7A1A75-226E-441F-85C6-7A186ADF0BB4}
		{AD16CB7B-FCE5-40C2-B91B-12149F725119} = {AD16CB7B-FCE5-40C2-B91B-12149F725119}
		{8A713189-DCE0-4674-A95C-0FB17EFED0D4} = {8A713189-DCE0-4674-A95C-0FB17EFED0D4}
		{82B90ACB-5E43-4CA0-B6C8-0582C8132BA1} = {82B90ACB-5E43-4CA0-B6C8-0582C8132BA1}
		{19ACEFD2-D37B-4FD6-A5B8-A36E437AC94A} = {19ACEFD2-D37B-4FD6-A5B8-A36E437AC94A}
		{98A247E3-EBA6-46C6-84A0-AC9D14350C89} = {98A247E3-EBA6-46C6-84A0-AC9D14350C89}
	EndProjectSection
EndProject
Project("{FAE04EC0-301F-11D3-BF4B-00C04F79EFBC}") = "His.EntidadesAdmision", "His.EntidadesAdmision\His.EntidadesAdmision.csproj", "{6C736C02-D03F-4ACA-B2E1-4FD3D49F23FC}"
EndProject
Project("{FAE04EC0-301F-11D3-BF4B-00C04F79EFBC}") = "His.Datos", "His.Datos\His.Datos.csproj", "{99494169-AF26-4DBF-B140-D566F3D9AEB1}"
EndProject
Project("{FAE04EC0-301F-11D3-BF4B-00C04F79EFBC}") = "His.Negocio", "His.Negocio\His.Negocio.csproj", "{7B911AE9-39DA-493E-87AF-9E6BF60DEF90}"
EndProject
Project("{FAE04EC0-301F-11D3-BF4B-00C04F79EFBC}") = "His.Entidades", "His.Entidades\His.Entidades.csproj", "{98A247E3-EBA6-46C6-84A0-AC9D14350C89}"
EndProject
Project("{FAE04EC0-301F-11D3-BF4B-00C04F79EFBC}") = "His.General", "His3000Negocio\His.General\His.General.csproj", "{8A713189-DCE0-4674-A95C-0FB17EFED0D4}"
EndProject
Project("{FAE04EC0-301F-11D3-BF4B-00C04F79EFBC}") = "His.Emergencia", "His3000UI\EmergenciaUI\His.Emergencia.csproj", "{34103604-3755-4ED5-9F69-6CAB09EA300F}"
EndProject
Project("{FAE04EC0-301F-11D3-BF4B-00C04F79EFBC}") = "His.Formulario", "His3000UI\HistoriasUI\His.Formulario\His.Formulario.csproj", "{6E44C066-8AAE-40FA-97BA-ED6EF7DA08D5}"
EndProject
Project("{FAE04EC0-301F-11D3-BF4B-00C04F79EFBC}") = "IMailPlusLibrary", "His3000Negocio\His.IMailPlusLibrary\IMailPlusLibrary.csproj", "{82B90ACB-5E43-4CA0-B6C8-0582C8132BA1}"
EndProject
Project("{FAE04EC0-301F-11D3-BF4B-00C04F79EFBC}") = "His.AdminHistoriasClinicas", "His.AdminHistoriasClinicas\His.AdminHistoriasClinicas.csproj", "{37348358-5535-4833-97C0-49E40B5D11CB}"
EndProject
Project("{FAE04EC0-301F-11D3-BF4B-00C04F79EFBC}") = "Core.Utilitarios", "Core.Utilitarios\Core.Utilitarios.csproj", "{E713939C-9F9D-43AE-A95D-A2844313D39A}"
EndProject
Project("{FAE04EC0-301F-11D3-BF4B-00C04F79EFBC}") = "His.Farmacia", "His3000UI\FarmaciaUI\His.Farmacia\His.Farmacia.csproj", "{E009D62B-D8FF-4288-9F06-63C48CEE9F75}"
EndProject
Project("{FAE04EC0-301F-11D3-BF4B-00C04F79EFBC}") = "His.Entidades.General", "His3000Entidades\His.Entidades.General\His.Entidades.General.csproj", "{D7465D15-7567-424B-BDCC-0FE2A75E3DA0}"
EndProject
Project("{FAE04EC0-301F-11D3-BF4B-00C04F79EFBC}") = "CuentaPacientes", "His3000UI\CuentaPacienteUI\CuentaPaciente\CuentaPacientes.csproj", "{42D897B6-B341-45F3-97CB-FE3C5670B3BD}"
EndProject
Project("{FAE04EC0-301F-11D3-BF4B-00C04F79EFBC}") = "His.Honorarios", "His3000UI\His.Honorarios\His.Honorarios.csproj", "{46D13EBA-7A43-457B-A0F7-0833C55C17A2}"
EndProject
Project("{FAE04EC0-301F-11D3-BF4B-00C04F79EFBC}") = "Core.Entidades", "Core\Core.Entidades\Core.Entidades.csproj", "{3D7A1A75-226E-441F-85C6-7A186ADF0BB4}"
EndProject
Project("{FAE04EC0-301F-11D3-BF4B-00C04F79EFBC}") = "His.DatosReportes", "His.DatosReportes\His.DatosReportes.csproj", "{053A1C21-4C30-4B7E-BE9A-ED2D8F7DB7CF}"
EndProject
Project("{FAE04EC0-301F-11D3-BF4B-00C04F79EFBC}") = "His.Pedidos", "His3000UI\PedidosUI\His.Pedidos\His.Pedidos.csproj", "{1EF00147-2D72-4296-9358-0D8153ED96ED}"
EndProject
Project("{FAE04EC0-301F-11D3-BF4B-00C04F79EFBC}") = "His.Facturacion", "His3000UI\FacturacionUI\His.Facturacion\His.Facturacion.csproj", "{B579A11B-79F0-445F-9EE7-F5BF8F58C0DD}"
EndProject
Project("{FAE04EC0-301F-11D3-BF4B-00C04F79EFBC}") = "His.HabitacionesUI", "His3000UI\AdmisionUI\His.HabitacionesUI\His.HabitacionesUI.csproj", "{B4C01955-97D1-4E27-B1E2-536C9B8FFC4F}"
EndProject
Project("{FAE04EC0-301F-11D3-BF4B-00C04F79EFBC}") = "His.Recursos", "His3000UI\Recursos\His.Recursos.csproj", "{AD16CB7B-FCE5-40C2-B91B-12149F725119}"
EndProject
Project("{FAE04EC0-301F-11D3-BF4B-00C04F79EFBC}") = "His.Maintenance", "His.Maintenance\His.Maintenance.csproj", "{C6EE982B-768E-4B96-8245-460139E04B9F}"
EndProject
Project("{FAE04EC0-301F-11D3-BF4B-00C04F79EFBC}") = "His.PedidosEspeciales", "His3000UI\AdmisionUI\His.Dietetica\His.PedidosEspeciales.csproj", "{07DEBF16-2D60-4498-B511-FD2734659BEF}"
EndProject
Project("{FAE04EC0-301F-11D3-BF4B-00C04F79EFBC}") = "His.ConsultaExterna", "His3000UI\AdmisionUI\His.Formulario\His.ConsultaExterna.csproj", "{39C0A236-2DFF-4CDB-9EEE-0A0445489E0A}"
EndProject
Project("{FAE04EC0-301F-11D3-BF4B-00C04F79EFBC}") = "His.Garantia", "His3000UI\His.Garantia\His.Garantia.csproj", "{588F7D3A-E5CD-4CE1-8E12-3ABD992B085B}"
EndProject
Global
	GlobalSection(SolutionConfigurationPlatforms) = preSolution
		Debug|.NET = Debug|.NET
		Debug|Any CPU = Debug|Any CPU
		Debug|Mixed Platforms = Debug|Mixed Platforms
		Release|.NET = Release|.NET
		Release|Any CPU = Release|Any CPU
		Release|Mixed Platforms = Release|Mixed Platforms
	EndGlobalSection
	GlobalSection(ProjectConfigurationPlatforms) = postSolution
		{19ACEFD2-D37B-4FD6-A5B8-A36E437AC94A}.Debug|.NET.ActiveCfg = Debug|Any CPU
		{19ACEFD2-D37B-4FD6-A5B8-A36E437AC94A}.Debug|Any CPU.ActiveCfg = Debug|Any CPU
		{19ACEFD2-D37B-4FD6-A5B8-A36E437AC94A}.Debug|Any CPU.Build.0 = Debug|Any CPU
		{19ACEFD2-D37B-4FD6-A5B8-A36E437AC94A}.Debug|Mixed Platforms.ActiveCfg = Debug|Any CPU
		{19ACEFD2-D37B-4FD6-A5B8-A36E437AC94A}.Release|.NET.ActiveCfg = Release|Any CPU
		{19ACEFD2-D37B-4FD6-A5B8-A36E437AC94A}.Release|Any CPU.ActiveCfg = Release|Any CPU
		{19ACEFD2-D37B-4FD6-A5B8-A36E437AC94A}.Release|Any CPU.Build.0 = Release|Any CPU
		{19ACEFD2-D37B-4FD6-A5B8-A36E437AC94A}.Release|Mixed Platforms.ActiveCfg = Release|Any CPU
		{19ACEFD2-D37B-4FD6-A5B8-A36E437AC94A}.Release|Mixed Platforms.Build.0 = Release|Any CPU
		{1BAE75B8-EB2A-49C7-A158-54AE397450CB}.Debug|.NET.ActiveCfg = Debug|Any CPU
		{1BAE75B8-EB2A-49C7-A158-54AE397450CB}.Debug|Any CPU.ActiveCfg = Debug|Any CPU
		{1BAE75B8-EB2A-49C7-A158-54AE397450CB}.Debug|Any CPU.Build.0 = Debug|Any CPU
		{1BAE75B8-EB2A-49C7-A158-54AE397450CB}.Debug|Mixed Platforms.ActiveCfg = Debug|Any CPU
		{1BAE75B8-EB2A-49C7-A158-54AE397450CB}.Release|.NET.ActiveCfg = Release|Any CPU
		{1BAE75B8-EB2A-49C7-A158-54AE397450CB}.Release|Any CPU.ActiveCfg = Release|Any CPU
		{1BAE75B8-EB2A-49C7-A158-54AE397450CB}.Release|Any CPU.Build.0 = Release|Any CPU
		{1BAE75B8-EB2A-49C7-A158-54AE397450CB}.Release|Mixed Platforms.ActiveCfg = Release|Any CPU
		{1BAE75B8-EB2A-49C7-A158-54AE397450CB}.Release|Mixed Platforms.Build.0 = Release|Any CPU
		{5FDFD8B7-8C24-4568-91E8-C99C89108D6F}.Debug|.NET.ActiveCfg = Debug|Any CPU
		{5FDFD8B7-8C24-4568-91E8-C99C89108D6F}.Debug|Any CPU.ActiveCfg = Debug|Any CPU
		{5FDFD8B7-8C24-4568-91E8-C99C89108D6F}.Debug|Any CPU.Build.0 = Debug|Any CPU
		{5FDFD8B7-8C24-4568-91E8-C99C89108D6F}.Debug|Mixed Platforms.ActiveCfg = Debug|Any CPU
		{5FDFD8B7-8C24-4568-91E8-C99C89108D6F}.Release|.NET.ActiveCfg = Release|Any CPU
		{5FDFD8B7-8C24-4568-91E8-C99C89108D6F}.Release|Any CPU.ActiveCfg = Release|Any CPU
		{5FDFD8B7-8C24-4568-91E8-C99C89108D6F}.Release|Any CPU.Build.0 = Release|Any CPU
		{5FDFD8B7-8C24-4568-91E8-C99C89108D6F}.Release|Mixed Platforms.ActiveCfg = Release|Any CPU
		{5FDFD8B7-8C24-4568-91E8-C99C89108D6F}.Release|Mixed Platforms.Build.0 = Release|Any CPU
		{BD31CBD8-907B-4BD0-B392-69AC93783485}.Debug|.NET.ActiveCfg = Debug|Any CPU
		{BD31CBD8-907B-4BD0-B392-69AC93783485}.Debug|Any CPU.ActiveCfg = Debug|Any CPU
		{BD31CBD8-907B-4BD0-B392-69AC93783485}.Debug|Any CPU.Build.0 = Debug|Any CPU
		{BD31CBD8-907B-4BD0-B392-69AC93783485}.Debug|Mixed Platforms.ActiveCfg = Debug|Any CPU
		{BD31CBD8-907B-4BD0-B392-69AC93783485}.Release|.NET.ActiveCfg = Release|Any CPU
		{BD31CBD8-907B-4BD0-B392-69AC93783485}.Release|Any CPU.ActiveCfg = Release|Any CPU
		{BD31CBD8-907B-4BD0-B392-69AC93783485}.Release|Any CPU.Build.0 = Release|Any CPU
		{BD31CBD8-907B-4BD0-B392-69AC93783485}.Release|Mixed Platforms.ActiveCfg = Release|Any CPU
		{BD31CBD8-907B-4BD0-B392-69AC93783485}.Release|Mixed Platforms.Build.0 = Release|Any CPU
		{D3BA8C0F-99C3-4CD6-BAC8-4D905A67E3C2}.Debug|.NET.ActiveCfg = Debug|Any CPU
		{D3BA8C0F-99C3-4CD6-BAC8-4D905A67E3C2}.Debug|Any CPU.ActiveCfg = Debug|Any CPU
		{D3BA8C0F-99C3-4CD6-BAC8-4D905A67E3C2}.Debug|Any CPU.Build.0 = Debug|Any CPU
		{D3BA8C0F-99C3-4CD6-BAC8-4D905A67E3C2}.Debug|Mixed Platforms.ActiveCfg = Debug|Any CPU
		{D3BA8C0F-99C3-4CD6-BAC8-4D905A67E3C2}.Release|.NET.ActiveCfg = Release|Any CPU
		{D3BA8C0F-99C3-4CD6-BAC8-4D905A67E3C2}.Release|Any CPU.ActiveCfg = Release|Any CPU
		{D3BA8C0F-99C3-4CD6-BAC8-4D905A67E3C2}.Release|Any CPU.Build.0 = Release|Any CPU
		{D3BA8C0F-99C3-4CD6-BAC8-4D905A67E3C2}.Release|Mixed Platforms.ActiveCfg = Release|Any CPU
		{D3BA8C0F-99C3-4CD6-BAC8-4D905A67E3C2}.Release|Mixed Platforms.Build.0 = Release|Any CPU
		{CBAD0178-FEDA-4DE5-96B1-BE546189666C}.Debug|.NET.ActiveCfg = Debug|Any CPU
		{CBAD0178-FEDA-4DE5-96B1-BE546189666C}.Debug|Any CPU.ActiveCfg = Debug|Any CPU
		{CBAD0178-FEDA-4DE5-96B1-BE546189666C}.Debug|Any CPU.Build.0 = Debug|Any CPU
		{CBAD0178-FEDA-4DE5-96B1-BE546189666C}.Debug|Mixed Platforms.ActiveCfg = Debug|Any CPU
		{CBAD0178-FEDA-4DE5-96B1-BE546189666C}.Debug|Mixed Platforms.Build.0 = Debug|Any CPU
		{CBAD0178-FEDA-4DE5-96B1-BE546189666C}.Release|.NET.ActiveCfg = Release|Any CPU
		{CBAD0178-FEDA-4DE5-96B1-BE546189666C}.Release|Any CPU.ActiveCfg = Release|Any CPU
		{CBAD0178-FEDA-4DE5-96B1-BE546189666C}.Release|Any CPU.Build.0 = Release|Any CPU
		{CBAD0178-FEDA-4DE5-96B1-BE546189666C}.Release|Mixed Platforms.ActiveCfg = Release|Any CPU
		{CBAD0178-FEDA-4DE5-96B1-BE546189666C}.Release|Mixed Platforms.Build.0 = Release|Any CPU
		{6C736C02-D03F-4ACA-B2E1-4FD3D49F23FC}.Debug|.NET.ActiveCfg = Debug|Any CPU
		{6C736C02-D03F-4ACA-B2E1-4FD3D49F23FC}.Debug|Any CPU.ActiveCfg = Debug|Any CPU
		{6C736C02-D03F-4ACA-B2E1-4FD3D49F23FC}.Debug|Any CPU.Build.0 = Debug|Any CPU
		{6C736C02-D03F-4ACA-B2E1-4FD3D49F23FC}.Debug|Mixed Platforms.ActiveCfg = Debug|Any CPU
		{6C736C02-D03F-4ACA-B2E1-4FD3D49F23FC}.Release|.NET.ActiveCfg = Release|Any CPU
		{6C736C02-D03F-4ACA-B2E1-4FD3D49F23FC}.Release|Any CPU.ActiveCfg = Release|Any CPU
		{6C736C02-D03F-4ACA-B2E1-4FD3D49F23FC}.Release|Any CPU.Build.0 = Release|Any CPU
		{6C736C02-D03F-4ACA-B2E1-4FD3D49F23FC}.Release|Mixed Platforms.ActiveCfg = Release|Any CPU
		{6C736C02-D03F-4ACA-B2E1-4FD3D49F23FC}.Release|Mixed Platforms.Build.0 = Release|Any CPU
		{99494169-AF26-4DBF-B140-D566F3D9AEB1}.Debug|.NET.ActiveCfg = Debug|Any CPU
		{99494169-AF26-4DBF-B140-D566F3D9AEB1}.Debug|Any CPU.ActiveCfg = Debug|Any CPU
		{99494169-AF26-4DBF-B140-D566F3D9AEB1}.Debug|Any CPU.Build.0 = Debug|Any CPU
		{99494169-AF26-4DBF-B140-D566F3D9AEB1}.Debug|Mixed Platforms.ActiveCfg = Debug|Any CPU
		{99494169-AF26-4DBF-B140-D566F3D9AEB1}.Debug|Mixed Platforms.Build.0 = Debug|Any CPU
		{99494169-AF26-4DBF-B140-D566F3D9AEB1}.Release|.NET.ActiveCfg = Release|Any CPU
		{99494169-AF26-4DBF-B140-D566F3D9AEB1}.Release|Any CPU.ActiveCfg = Release|Any CPU
		{99494169-AF26-4DBF-B140-D566F3D9AEB1}.Release|Any CPU.Build.0 = Release|Any CPU
		{99494169-AF26-4DBF-B140-D566F3D9AEB1}.Release|Mixed Platforms.ActiveCfg = Release|Any CPU
		{99494169-AF26-4DBF-B140-D566F3D9AEB1}.Release|Mixed Platforms.Build.0 = Release|Any CPU
		{7B911AE9-39DA-493E-87AF-9E6BF60DEF90}.Debug|.NET.ActiveCfg = Debug|Any CPU
		{7B911AE9-39DA-493E-87AF-9E6BF60DEF90}.Debug|Any CPU.ActiveCfg = Debug|Any CPU
		{7B911AE9-39DA-493E-87AF-9E6BF60DEF90}.Debug|Any CPU.Build.0 = Debug|Any CPU
		{7B911AE9-39DA-493E-87AF-9E6BF60DEF90}.Debug|Mixed Platforms.ActiveCfg = Debug|Any CPU
		{7B911AE9-39DA-493E-87AF-9E6BF60DEF90}.Debug|Mixed Platforms.Build.0 = Debug|Any CPU
		{7B911AE9-39DA-493E-87AF-9E6BF60DEF90}.Release|.NET.ActiveCfg = Release|Any CPU
		{7B911AE9-39DA-493E-87AF-9E6BF60DEF90}.Release|Any CPU.ActiveCfg = Release|Any CPU
		{7B911AE9-39DA-493E-87AF-9E6BF60DEF90}.Release|Any CPU.Build.0 = Release|Any CPU
		{7B911AE9-39DA-493E-87AF-9E6BF60DEF90}.Release|Mixed Platforms.ActiveCfg = Release|Any CPU
		{7B911AE9-39DA-493E-87AF-9E6BF60DEF90}.Release|Mixed Platforms.Build.0 = Release|Any CPU
		{98A247E3-EBA6-46C6-84A0-AC9D14350C89}.Debug|.NET.ActiveCfg = Debug|Any CPU
		{98A247E3-EBA6-46C6-84A0-AC9D14350C89}.Debug|Any CPU.ActiveCfg = Debug|Any CPU
		{98A247E3-EBA6-46C6-84A0-AC9D14350C89}.Debug|Any CPU.Build.0 = Debug|Any CPU
		{98A247E3-EBA6-46C6-84A0-AC9D14350C89}.Debug|Mixed Platforms.ActiveCfg = Debug|Any CPU
		{98A247E3-EBA6-46C6-84A0-AC9D14350C89}.Release|.NET.ActiveCfg = Release|Any CPU
		{98A247E3-EBA6-46C6-84A0-AC9D14350C89}.Release|Any CPU.ActiveCfg = Release|Any CPU
		{98A247E3-EBA6-46C6-84A0-AC9D14350C89}.Release|Any CPU.Build.0 = Release|Any CPU
		{98A247E3-EBA6-46C6-84A0-AC9D14350C89}.Release|Mixed Platforms.ActiveCfg = Release|Any CPU
		{98A247E3-EBA6-46C6-84A0-AC9D14350C89}.Release|Mixed Platforms.Build.0 = Release|Any CPU
		{8A713189-DCE0-4674-A95C-0FB17EFED0D4}.Debug|.NET.ActiveCfg = Debug|Any CPU
		{8A713189-DCE0-4674-A95C-0FB17EFED0D4}.Debug|Any CPU.ActiveCfg = Debug|Any CPU
		{8A713189-DCE0-4674-A95C-0FB17EFED0D4}.Debug|Any CPU.Build.0 = Debug|Any CPU
		{8A713189-DCE0-4674-A95C-0FB17EFED0D4}.Debug|Mixed Platforms.ActiveCfg = Debug|Any CPU
		{8A713189-DCE0-4674-A95C-0FB17EFED0D4}.Release|.NET.ActiveCfg = Release|Any CPU
		{8A713189-DCE0-4674-A95C-0FB17EFED0D4}.Release|Any CPU.ActiveCfg = Release|Any CPU
		{8A713189-DCE0-4674-A95C-0FB17EFED0D4}.Release|Any CPU.Build.0 = Release|Any CPU
		{8A713189-DCE0-4674-A95C-0FB17EFED0D4}.Release|Mixed Platforms.ActiveCfg = Release|Any CPU
		{8A713189-DCE0-4674-A95C-0FB17EFED0D4}.Release|Mixed Platforms.Build.0 = Release|Any CPU
		{34103604-3755-4ED5-9F69-6CAB09EA300F}.Debug|.NET.ActiveCfg = Debug|Any CPU
		{34103604-3755-4ED5-9F69-6CAB09EA300F}.Debug|Any CPU.ActiveCfg = Debug|Any CPU
		{34103604-3755-4ED5-9F69-6CAB09EA300F}.Debug|Any CPU.Build.0 = Debug|Any CPU
		{34103604-3755-4ED5-9F69-6CAB09EA300F}.Debug|Mixed Platforms.ActiveCfg = Debug|Any CPU
		{34103604-3755-4ED5-9F69-6CAB09EA300F}.Release|.NET.ActiveCfg = Release|Any CPU
		{34103604-3755-4ED5-9F69-6CAB09EA300F}.Release|Any CPU.ActiveCfg = Release|Any CPU
		{34103604-3755-4ED5-9F69-6CAB09EA300F}.Release|Any CPU.Build.0 = Release|Any CPU
		{34103604-3755-4ED5-9F69-6CAB09EA300F}.Release|Mixed Platforms.ActiveCfg = Release|Any CPU
		{34103604-3755-4ED5-9F69-6CAB09EA300F}.Release|Mixed Platforms.Build.0 = Release|Any CPU
		{6E44C066-8AAE-40FA-97BA-ED6EF7DA08D5}.Debug|.NET.ActiveCfg = Debug|Any CPU
		{6E44C066-8AAE-40FA-97BA-ED6EF7DA08D5}.Debug|Any CPU.ActiveCfg = Debug|Any CPU
		{6E44C066-8AAE-40FA-97BA-ED6EF7DA08D5}.Debug|Any CPU.Build.0 = Debug|Any CPU
		{6E44C066-8AAE-40FA-97BA-ED6EF7DA08D5}.Debug|Mixed Platforms.ActiveCfg = Debug|Any CPU
		{6E44C066-8AAE-40FA-97BA-ED6EF7DA08D5}.Release|.NET.ActiveCfg = Release|Any CPU
		{6E44C066-8AAE-40FA-97BA-ED6EF7DA08D5}.Release|Any CPU.ActiveCfg = Release|Any CPU
		{6E44C066-8AAE-40FA-97BA-ED6EF7DA08D5}.Release|Any CPU.Build.0 = Release|Any CPU
		{6E44C066-8AAE-40FA-97BA-ED6EF7DA08D5}.Release|Mixed Platforms.ActiveCfg = Release|Any CPU
		{6E44C066-8AAE-40FA-97BA-ED6EF7DA08D5}.Release|Mixed Platforms.Build.0 = Release|Any CPU
		{82B90ACB-5E43-4CA0-B6C8-0582C8132BA1}.Debug|.NET.ActiveCfg = Debug|Any CPU
		{82B90ACB-5E43-4CA0-B6C8-0582C8132BA1}.Debug|Any CPU.ActiveCfg = Debug|Any CPU
		{82B90ACB-5E43-4CA0-B6C8-0582C8132BA1}.Debug|Any CPU.Build.0 = Debug|Any CPU
		{82B90ACB-5E43-4CA0-B6C8-0582C8132BA1}.Debug|Mixed Platforms.ActiveCfg = Debug|Any CPU
		{82B90ACB-5E43-4CA0-B6C8-0582C8132BA1}.Release|.NET.ActiveCfg = Release|Any CPU
		{82B90ACB-5E43-4CA0-B6C8-0582C8132BA1}.Release|Any CPU.ActiveCfg = Release|Any CPU
		{82B90ACB-5E43-4CA0-B6C8-0582C8132BA1}.Release|Any CPU.Build.0 = Release|Any CPU
		{82B90ACB-5E43-4CA0-B6C8-0582C8132BA1}.Release|Mixed Platforms.ActiveCfg = Release|Any CPU
		{82B90ACB-5E43-4CA0-B6C8-0582C8132BA1}.Release|Mixed Platforms.Build.0 = Release|Any CPU
		{37348358-5535-4833-97C0-49E40B5D11CB}.Debug|.NET.ActiveCfg = Debug|Any CPU
		{37348358-5535-4833-97C0-49E40B5D11CB}.Debug|Any CPU.ActiveCfg = Debug|Any CPU
		{37348358-5535-4833-97C0-49E40B5D11CB}.Debug|Any CPU.Build.0 = Debug|Any CPU
		{37348358-5535-4833-97C0-49E40B5D11CB}.Debug|Mixed Platforms.ActiveCfg = Debug|Any CPU
		{37348358-5535-4833-97C0-49E40B5D11CB}.Release|.NET.ActiveCfg = Release|Any CPU
		{37348358-5535-4833-97C0-49E40B5D11CB}.Release|Any CPU.ActiveCfg = Release|Any CPU
		{37348358-5535-4833-97C0-49E40B5D11CB}.Release|Any CPU.Build.0 = Release|Any CPU
		{37348358-5535-4833-97C0-49E40B5D11CB}.Release|Mixed Platforms.ActiveCfg = Release|Any CPU
		{37348358-5535-4833-97C0-49E40B5D11CB}.Release|Mixed Platforms.Build.0 = Release|Any CPU
		{E713939C-9F9D-43AE-A95D-A2844313D39A}.Debug|.NET.ActiveCfg = Debug|Any CPU
		{E713939C-9F9D-43AE-A95D-A2844313D39A}.Debug|Any CPU.ActiveCfg = Debug|Any CPU
		{E713939C-9F9D-43AE-A95D-A2844313D39A}.Debug|Any CPU.Build.0 = Debug|Any CPU
		{E713939C-9F9D-43AE-A95D-A2844313D39A}.Debug|Mixed Platforms.ActiveCfg = Debug|Any CPU
		{E713939C-9F9D-43AE-A95D-A2844313D39A}.Release|.NET.ActiveCfg = Release|Any CPU
		{E713939C-9F9D-43AE-A95D-A2844313D39A}.Release|Any CPU.ActiveCfg = Release|Any CPU
		{E713939C-9F9D-43AE-A95D-A2844313D39A}.Release|Any CPU.Build.0 = Release|Any CPU
		{E713939C-9F9D-43AE-A95D-A2844313D39A}.Release|Mixed Platforms.ActiveCfg = Release|Any CPU
		{E713939C-9F9D-43AE-A95D-A2844313D39A}.Release|Mixed Platforms.Build.0 = Release|Any CPU
		{E009D62B-D8FF-4288-9F06-63C48CEE9F75}.Debug|.NET.ActiveCfg = Debug|Any CPU
		{E009D62B-D8FF-4288-9F06-63C48CEE9F75}.Debug|Any CPU.ActiveCfg = Debug|Any CPU
		{E009D62B-D8FF-4288-9F06-63C48CEE9F75}.Debug|Any CPU.Build.0 = Debug|Any CPU
		{E009D62B-D8FF-4288-9F06-63C48CEE9F75}.Debug|Mixed Platforms.ActiveCfg = Debug|Any CPU
		{E009D62B-D8FF-4288-9F06-63C48CEE9F75}.Release|.NET.ActiveCfg = Release|Any CPU
		{E009D62B-D8FF-4288-9F06-63C48CEE9F75}.Release|Any CPU.ActiveCfg = Release|Any CPU
		{E009D62B-D8FF-4288-9F06-63C48CEE9F75}.Release|Any CPU.Build.0 = Release|Any CPU
		{E009D62B-D8FF-4288-9F06-63C48CEE9F75}.Release|Mixed Platforms.ActiveCfg = Release|Any CPU
		{E009D62B-D8FF-4288-9F06-63C48CEE9F75}.Release|Mixed Platforms.Build.0 = Release|Any CPU
		{D7465D15-7567-424B-BDCC-0FE2A75E3DA0}.Debug|.NET.ActiveCfg = Debug|Any CPU
		{D7465D15-7567-424B-BDCC-0FE2A75E3DA0}.Debug|Any CPU.ActiveCfg = Debug|Any CPU
		{D7465D15-7567-424B-BDCC-0FE2A75E3DA0}.Debug|Any CPU.Build.0 = Debug|Any CPU
		{D7465D15-7567-424B-BDCC-0FE2A75E3DA0}.Debug|Mixed Platforms.ActiveCfg = Debug|Any CPU
		{D7465D15-7567-424B-BDCC-0FE2A75E3DA0}.Release|.NET.ActiveCfg = Release|Any CPU
		{D7465D15-7567-424B-BDCC-0FE2A75E3DA0}.Release|Any CPU.ActiveCfg = Release|Any CPU
		{D7465D15-7567-424B-BDCC-0FE2A75E3DA0}.Release|Any CPU.Build.0 = Release|Any CPU
		{D7465D15-7567-424B-BDCC-0FE2A75E3DA0}.Release|Mixed Platforms.ActiveCfg = Release|Any CPU
		{D7465D15-7567-424B-BDCC-0FE2A75E3DA0}.Release|Mixed Platforms.Build.0 = Release|Any CPU
		{42D897B6-B341-45F3-97CB-FE3C5670B3BD}.Debug|.NET.ActiveCfg = Debug|Any CPU
		{42D897B6-B341-45F3-97CB-FE3C5670B3BD}.Debug|Any CPU.ActiveCfg = Debug|Any CPU
		{42D897B6-B341-45F3-97CB-FE3C5670B3BD}.Debug|Any CPU.Build.0 = Debug|Any CPU
		{42D897B6-B341-45F3-97CB-FE3C5670B3BD}.Debug|Mixed Platforms.ActiveCfg = Debug|Any CPU
		{42D897B6-B341-45F3-97CB-FE3C5670B3BD}.Release|.NET.ActiveCfg = Release|Any CPU
		{42D897B6-B341-45F3-97CB-FE3C5670B3BD}.Release|Any CPU.ActiveCfg = Release|Any CPU
		{42D897B6-B341-45F3-97CB-FE3C5670B3BD}.Release|Any CPU.Build.0 = Release|Any CPU
		{42D897B6-B341-45F3-97CB-FE3C5670B3BD}.Release|Mixed Platforms.ActiveCfg = Release|Any CPU
		{42D897B6-B341-45F3-97CB-FE3C5670B3BD}.Release|Mixed Platforms.Build.0 = Release|Any CPU
		{46D13EBA-7A43-457B-A0F7-0833C55C17A2}.Debug|.NET.ActiveCfg = Debug|Any CPU
		{46D13EBA-7A43-457B-A0F7-0833C55C17A2}.Debug|Any CPU.ActiveCfg = Debug|Any CPU
		{46D13EBA-7A43-457B-A0F7-0833C55C17A2}.Debug|Any CPU.Build.0 = Debug|Any CPU
		{46D13EBA-7A43-457B-A0F7-0833C55C17A2}.Debug|Mixed Platforms.ActiveCfg = Debug|Any CPU
		{46D13EBA-7A43-457B-A0F7-0833C55C17A2}.Release|.NET.ActiveCfg = Release|Any CPU
		{46D13EBA-7A43-457B-A0F7-0833C55C17A2}.Release|Any CPU.ActiveCfg = Release|Any CPU
		{46D13EBA-7A43-457B-A0F7-0833C55C17A2}.Release|Any CPU.Build.0 = Release|Any CPU
		{46D13EBA-7A43-457B-A0F7-0833C55C17A2}.Release|Mixed Platforms.ActiveCfg = Release|Any CPU
		{46D13EBA-7A43-457B-A0F7-0833C55C17A2}.Release|Mixed Platforms.Build.0 = Release|Any CPU
		{3D7A1A75-226E-441F-85C6-7A186ADF0BB4}.Debug|.NET.ActiveCfg = Debug|Any CPU
		{3D7A1A75-226E-441F-85C6-7A186ADF0BB4}.Debug|Any CPU.ActiveCfg = Debug|Any CPU
		{3D7A1A75-226E-441F-85C6-7A186ADF0BB4}.Debug|Any CPU.Build.0 = Debug|Any CPU
		{3D7A1A75-226E-441F-85C6-7A186ADF0BB4}.Debug|Mixed Platforms.ActiveCfg = Debug|Any CPU
		{3D7A1A75-226E-441F-85C6-7A186ADF0BB4}.Release|.NET.ActiveCfg = Release|Any CPU
		{3D7A1A75-226E-441F-85C6-7A186ADF0BB4}.Release|Any CPU.ActiveCfg = Release|Any CPU
		{3D7A1A75-226E-441F-85C6-7A186ADF0BB4}.Release|Any CPU.Build.0 = Release|Any CPU
		{3D7A1A75-226E-441F-85C6-7A186ADF0BB4}.Release|Mixed Platforms.ActiveCfg = Release|Any CPU
		{3D7A1A75-226E-441F-85C6-7A186ADF0BB4}.Release|Mixed Platforms.Build.0 = Release|Any CPU
		{053A1C21-4C30-4B7E-BE9A-ED2D8F7DB7CF}.Debug|.NET.ActiveCfg = Debug|Any CPU
		{053A1C21-4C30-4B7E-BE9A-ED2D8F7DB7CF}.Debug|Any CPU.ActiveCfg = Debug|Any CPU
		{053A1C21-4C30-4B7E-BE9A-ED2D8F7DB7CF}.Debug|Any CPU.Build.0 = Debug|Any CPU
		{053A1C21-4C30-4B7E-BE9A-ED2D8F7DB7CF}.Debug|Mixed Platforms.ActiveCfg = Debug|Any CPU
		{053A1C21-4C30-4B7E-BE9A-ED2D8F7DB7CF}.Debug|Mixed Platforms.Build.0 = Debug|Any CPU
		{053A1C21-4C30-4B7E-BE9A-ED2D8F7DB7CF}.Release|.NET.ActiveCfg = Release|Any CPU
		{053A1C21-4C30-4B7E-BE9A-ED2D8F7DB7CF}.Release|Any CPU.ActiveCfg = Release|Any CPU
		{053A1C21-4C30-4B7E-BE9A-ED2D8F7DB7CF}.Release|Any CPU.Build.0 = Release|Any CPU
		{053A1C21-4C30-4B7E-BE9A-ED2D8F7DB7CF}.Release|Mixed Platforms.ActiveCfg = Release|Any CPU
		{053A1C21-4C30-4B7E-BE9A-ED2D8F7DB7CF}.Release|Mixed Platforms.Build.0 = Release|Any CPU
		{1EF00147-2D72-4296-9358-0D8153ED96ED}.Debug|.NET.ActiveCfg = Debug|Any CPU
		{1EF00147-2D72-4296-9358-0D8153ED96ED}.Debug|Any CPU.ActiveCfg = Debug|Any CPU
		{1EF00147-2D72-4296-9358-0D8153ED96ED}.Debug|Any CPU.Build.0 = Debug|Any CPU
		{1EF00147-2D72-4296-9358-0D8153ED96ED}.Debug|Mixed Platforms.ActiveCfg = Debug|Any CPU
		{1EF00147-2D72-4296-9358-0D8153ED96ED}.Release|.NET.ActiveCfg = Release|Any CPU
		{1EF00147-2D72-4296-9358-0D8153ED96ED}.Release|Any CPU.ActiveCfg = Release|Any CPU
		{1EF00147-2D72-4296-9358-0D8153ED96ED}.Release|Any CPU.Build.0 = Release|Any CPU
		{1EF00147-2D72-4296-9358-0D8153ED96ED}.Release|Mixed Platforms.ActiveCfg = Release|Any CPU
		{1EF00147-2D72-4296-9358-0D8153ED96ED}.Release|Mixed Platforms.Build.0 = Release|Any CPU
		{B579A11B-79F0-445F-9EE7-F5BF8F58C0DD}.Debug|.NET.ActiveCfg = Debug|Any CPU
		{B579A11B-79F0-445F-9EE7-F5BF8F58C0DD}.Debug|Any CPU.ActiveCfg = Debug|Any CPU
		{B579A11B-79F0-445F-9EE7-F5BF8F58C0DD}.Debug|Any CPU.Build.0 = Debug|Any CPU
		{B579A11B-79F0-445F-9EE7-F5BF8F58C0DD}.Debug|Mixed Platforms.ActiveCfg = Debug|Any CPU
		{B579A11B-79F0-445F-9EE7-F5BF8F58C0DD}.Release|.NET.ActiveCfg = Release|Any CPU
		{B579A11B-79F0-445F-9EE7-F5BF8F58C0DD}.Release|Any CPU.ActiveCfg = Release|Any CPU
		{B579A11B-79F0-445F-9EE7-F5BF8F58C0DD}.Release|Any CPU.Build.0 = Release|Any CPU
		{B579A11B-79F0-445F-9EE7-F5BF8F58C0DD}.Release|Mixed Platforms.ActiveCfg = Release|Any CPU
		{B579A11B-79F0-445F-9EE7-F5BF8F58C0DD}.Release|Mixed Platforms.Build.0 = Release|Any CPU
		{B4C01955-97D1-4E27-B1E2-536C9B8FFC4F}.Debug|.NET.ActiveCfg = Debug|Any CPU
		{B4C01955-97D1-4E27-B1E2-536C9B8FFC4F}.Debug|Any CPU.ActiveCfg = Debug|Any CPU
		{B4C01955-97D1-4E27-B1E2-536C9B8FFC4F}.Debug|Any CPU.Build.0 = Debug|Any CPU
		{B4C01955-97D1-4E27-B1E2-536C9B8FFC4F}.Debug|Mixed Platforms.ActiveCfg = Debug|Any CPU
		{B4C01955-97D1-4E27-B1E2-536C9B8FFC4F}.Release|.NET.ActiveCfg = Release|Any CPU
		{B4C01955-97D1-4E27-B1E2-536C9B8FFC4F}.Release|Any CPU.ActiveCfg = Release|Any CPU
		{B4C01955-97D1-4E27-B1E2-536C9B8FFC4F}.Release|Any CPU.Build.0 = Release|Any CPU
		{B4C01955-97D1-4E27-B1E2-536C9B8FFC4F}.Release|Mixed Platforms.ActiveCfg = Release|Any CPU
		{B4C01955-97D1-4E27-B1E2-536C9B8FFC4F}.Release|Mixed Platforms.Build.0 = Release|Any CPU
		{AD16CB7B-FCE5-40C2-B91B-12149F725119}.Debug|.NET.ActiveCfg = Debug|Any CPU
		{AD16CB7B-FCE5-40C2-B91B-12149F725119}.Debug|Any CPU.ActiveCfg = Debug|Any CPU
		{AD16CB7B-FCE5-40C2-B91B-12149F725119}.Debug|Any CPU.Build.0 = Debug|Any CPU
		{AD16CB7B-FCE5-40C2-B91B-12149F725119}.Debug|Mixed Platforms.ActiveCfg = Debug|Any CPU
		{AD16CB7B-FCE5-40C2-B91B-12149F725119}.Release|.NET.ActiveCfg = Release|Any CPU
		{AD16CB7B-FCE5-40C2-B91B-12149F725119}.Release|Any CPU.ActiveCfg = Release|Any CPU
		{AD16CB7B-FCE5-40C2-B91B-12149F725119}.Release|Any CPU.Build.0 = Release|Any CPU
		{AD16CB7B-FCE5-40C2-B91B-12149F725119}.Release|Mixed Platforms.ActiveCfg = Release|Any CPU
		{AD16CB7B-FCE5-40C2-B91B-12149F725119}.Release|Mixed Platforms.Build.0 = Release|Any CPU
		{C6EE982B-768E-4B96-8245-460139E04B9F}.Debug|.NET.ActiveCfg = Debug|Any CPU
		{C6EE982B-768E-4B96-8245-460139E04B9F}.Debug|.NET.Build.0 = Debug|Any CPU
		{C6EE982B-768E-4B96-8245-460139E04B9F}.Debug|Any CPU.ActiveCfg = Debug|Any CPU
		{C6EE982B-768E-4B96-8245-460139E04B9F}.Debug|Any CPU.Build.0 = Debug|Any CPU
		{C6EE982B-768E-4B96-8245-460139E04B9F}.Debug|Mixed Platforms.ActiveCfg = Debug|Any CPU
		{C6EE982B-768E-4B96-8245-460139E04B9F}.Debug|Mixed Platforms.Build.0 = Debug|Any CPU
		{C6EE982B-768E-4B96-8245-460139E04B9F}.Release|.NET.ActiveCfg = Release|Any CPU
		{C6EE982B-768E-4B96-8245-460139E04B9F}.Release|.NET.Build.0 = Release|Any CPU
		{C6EE982B-768E-4B96-8245-460139E04B9F}.Release|Any CPU.ActiveCfg = Release|Any CPU
		{C6EE982B-768E-4B96-8245-460139E04B9F}.Release|Any CPU.Build.0 = Release|Any CPU
		{C6EE982B-768E-4B96-8245-460139E04B9F}.Release|Mixed Platforms.ActiveCfg = Release|Any CPU
		{C6EE982B-768E-4B96-8245-460139E04B9F}.Release|Mixed Platforms.Build.0 = Release|Any CPU
		{07DEBF16-2D60-4498-B511-FD2734659BEF}.Debug|.NET.ActiveCfg = Debug|Any CPU
		{07DEBF16-2D60-4498-B511-FD2734659BEF}.Debug|.NET.Build.0 = Debug|Any CPU
		{07DEBF16-2D60-4498-B511-FD2734659BEF}.Debug|Any CPU.ActiveCfg = Debug|Any CPU
		{07DEBF16-2D60-4498-B511-FD2734659BEF}.Debug|Any CPU.Build.0 = Debug|Any CPU
		{07DEBF16-2D60-4498-B511-FD2734659BEF}.Debug|Mixed Platforms.ActiveCfg = Debug|Any CPU
		{07DEBF16-2D60-4498-B511-FD2734659BEF}.Debug|Mixed Platforms.Build.0 = Debug|Any CPU
		{07DEBF16-2D60-4498-B511-FD2734659BEF}.Release|.NET.ActiveCfg = Release|Any CPU
		{07DEBF16-2D60-4498-B511-FD2734659BEF}.Release|.NET.Build.0 = Release|Any CPU
		{07DEBF16-2D60-4498-B511-FD2734659BEF}.Release|Any CPU.ActiveCfg = Release|Any CPU
		{07DEBF16-2D60-4498-B511-FD2734659BEF}.Release|Any CPU.Build.0 = Release|Any CPU
		{07DEBF16-2D60-4498-B511-FD2734659BEF}.Release|Mixed Platforms.ActiveCfg = Release|Any CPU
		{07DEBF16-2D60-4498-B511-FD2734659BEF}.Release|Mixed Platforms.Build.0 = Release|Any CPU
		{39C0A236-2DFF-4CDB-9EEE-0A0445489E0A}.Debug|.NET.ActiveCfg = Debug|Any CPU
		{39C0A236-2DFF-4CDB-9EEE-0A0445489E0A}.Debug|.NET.Build.0 = Debug|Any CPU
		{39C0A236-2DFF-4CDB-9EEE-0A0445489E0A}.Debug|Any CPU.ActiveCfg = Debug|Any CPU
		{39C0A236-2DFF-4CDB-9EEE-0A0445489E0A}.Debug|Any CPU.Build.0 = Debug|Any CPU
		{39C0A236-2DFF-4CDB-9EEE-0A0445489E0A}.Debug|Mixed Platforms.ActiveCfg = Debug|Any CPU
		{39C0A236-2DFF-4CDB-9EEE-0A0445489E0A}.Debug|Mixed Platforms.Build.0 = Debug|Any CPU
		{39C0A236-2DFF-4CDB-9EEE-0A0445489E0A}.Release|.NET.ActiveCfg = Release|Any CPU
		{39C0A236-2DFF-4CDB-9EEE-0A0445489E0A}.Release|.NET.Build.0 = Release|Any CPU
		{39C0A236-2DFF-4CDB-9EEE-0A0445489E0A}.Release|Any CPU.ActiveCfg = Release|Any CPU
		{39C0A236-2DFF-4CDB-9EEE-0A0445489E0A}.Release|Any CPU.Build.0 = Release|Any CPU
		{39C0A236-2DFF-4CDB-9EEE-0A0445489E0A}.Release|Mixed Platforms.ActiveCfg = Release|Any CPU
		{39C0A236-2DFF-4CDB-9EEE-0A0445489E0A}.Release|Mixed Platforms.Build.0 = Release|Any CPU
		{588F7D3A-E5CD-4CE1-8E12-3ABD992B085B}.Debug|.NET.ActiveCfg = Debug|Any CPU
		{588F7D3A-E5CD-4CE1-8E12-3ABD992B085B}.Debug|.NET.Build.0 = Debug|Any CPU
		{588F7D3A-E5CD-4CE1-8E12-3ABD992B085B}.Debug|Any CPU.ActiveCfg = Debug|Any CPU
		{588F7D3A-E5CD-4CE1-8E12-3ABD992B085B}.Debug|Any CPU.Build.0 = Debug|Any CPU
		{588F7D3A-E5CD-4CE1-8E12-3ABD992B085B}.Debug|Mixed Platforms.ActiveCfg = Debug|Any CPU
		{588F7D3A-E5CD-4CE1-8E12-3ABD992B085B}.Debug|Mixed Platforms.Build.0 = Debug|Any CPU
		{588F7D3A-E5CD-4CE1-8E12-3ABD992B085B}.Release|.NET.ActiveCfg = Release|Any CPU
		{588F7D3A-E5CD-4CE1-8E12-3ABD992B085B}.Release|.NET.Build.0 = Release|Any CPU
		{588F7D3A-E5CD-4CE1-8E12-3ABD992B085B}.Release|Any CPU.ActiveCfg = Release|Any CPU
		{588F7D3A-E5CD-4CE1-8E12-3ABD992B085B}.Release|Any CPU.Build.0 = Release|Any CPU
		{588F7D3A-E5CD-4CE1-8E12-3ABD992B085B}.Release|Mixed Platforms.ActiveCfg = Release|Any CPU
		{588F7D3A-E5CD-4CE1-8E12-3ABD992B085B}.Release|Mixed Platforms.Build.0 = Release|Any CPU
	EndGlobalSection
	GlobalSection(SolutionProperties) = preSolution
		HideSolutionNode = FALSE
	EndGlobalSection
	GlobalSection(NestedProjects) = preSolution
		{2FD19B54-C068-4343-8DA5-5942616956C6} = {5765926D-B095-46CF-8F92-65EE44BD5B12}
		{D7633CA2-075C-4B9D-A02F-3AAC14432188} = {8285C6D5-A028-464B-974B-EDD1BCABF26A}
		{374DA4BC-6828-4BF0-A035-6C8603B8C54A} = {8285C6D5-A028-464B-974B-EDD1BCABF26A}
		{1D7B4755-3BF3-4BFE-A017-B2B770FEBB0B} = {FB891A38-6BC8-46A4-B7A1-056CDED305DD}
		{A1A97D1D-57B3-4B37-A623-8EF33FD9A36C} = {374DA4BC-6828-4BF0-A035-6C8603B8C54A}
		{5765926D-B095-46CF-8F92-65EE44BD5B12} = {DD6C09F7-613B-48B7-9A73-8567B14CAC4E}
		{73087F63-2EA5-49DA-BC77-9EC20964398B} = {8285C6D5-A028-464B-974B-EDD1BCABF26A}
		{37D707FD-C7B3-4534-B8D8-DDF2BF3B2C1D} = {A8644CE4-63E8-4586-8652-0E92F9172756}
		{344284A7-4E9C-407D-A6AA-3851B010DA8E} = {8285C6D5-A028-464B-974B-EDD1BCABF26A}
		{0104D0C8-0E7E-4B10-9388-2E253863D8EB} = {8285C6D5-A028-464B-974B-EDD1BCABF26A}
		{DD6C09F7-613B-48B7-9A73-8567B14CAC4E} = {8285C6D5-A028-464B-974B-EDD1BCABF26A}
		{6D7EB0A6-1573-451E-AC58-EC3B333B2D3A} = {DD6C09F7-613B-48B7-9A73-8567B14CAC4E}
		{3901CDEE-4F50-4523-9F3B-28E849E7D14B} = {8285C6D5-A028-464B-974B-EDD1BCABF26A}
		{90520B07-F4D8-496F-B117-11602B9FE8BF} = {DD6C09F7-613B-48B7-9A73-8567B14CAC4E}
		{2C0C596B-AE52-4B13-AFDD-ADADD8C02BF2} = {DD6C09F7-613B-48B7-9A73-8567B14CAC4E}
		{1E5F98AD-A7FD-4498-90BC-131AE00BDD16} = {DD6C09F7-613B-48B7-9A73-8567B14CAC4E}
		{E14489A3-54A7-41F1-9B5E-49B30D44EF1E} = {DEE77410-FD36-45BF-819E-CFDF7CE2E2F1}
		{19ACEFD2-D37B-4FD6-A5B8-A36E437AC94A} = {B53CA5A2-2F9A-4CAC-9F16-B3E1953CD2A9}
		{1BAE75B8-EB2A-49C7-A158-54AE397450CB} = {7AC47FF8-FDE1-42D6-BDFE-E714271E68CA}
		{5FDFD8B7-8C24-4568-91E8-C99C89108D6F} = {5765926D-B095-46CF-8F92-65EE44BD5B12}
		{BD31CBD8-907B-4BD0-B392-69AC93783485} = {D7633CA2-075C-4B9D-A02F-3AAC14432188}
		{D3BA8C0F-99C3-4CD6-BAC8-4D905A67E3C2} = {374DA4BC-6828-4BF0-A035-6C8603B8C54A}
		{CBAD0178-FEDA-4DE5-96B1-BE546189666C} = {344284A7-4E9C-407D-A6AA-3851B010DA8E}
		{6C736C02-D03F-4ACA-B2E1-4FD3D49F23FC} = {A8644CE4-63E8-4586-8652-0E92F9172756}
		{99494169-AF26-4DBF-B140-D566F3D9AEB1} = {B53CA5A2-2F9A-4CAC-9F16-B3E1953CD2A9}
		{7B911AE9-39DA-493E-87AF-9E6BF60DEF90} = {1AE51AA8-F8EC-49C3-95D2-2B9D68CC0104}
		{98A247E3-EBA6-46C6-84A0-AC9D14350C89} = {A8644CE4-63E8-4586-8652-0E92F9172756}
		{8A713189-DCE0-4674-A95C-0FB17EFED0D4} = {7AC47FF8-FDE1-42D6-BDFE-E714271E68CA}
		{34103604-3755-4ED5-9F69-6CAB09EA300F} = {A1A97D1D-57B3-4B37-A623-8EF33FD9A36C}
		{6E44C066-8AAE-40FA-97BA-ED6EF7DA08D5} = {5765926D-B095-46CF-8F92-65EE44BD5B12}
		{82B90ACB-5E43-4CA0-B6C8-0582C8132BA1} = {7AC47FF8-FDE1-42D6-BDFE-E714271E68CA}
		{37348358-5535-4833-97C0-49E40B5D11CB} = {5765926D-B095-46CF-8F92-65EE44BD5B12}
		{E713939C-9F9D-43AE-A95D-A2844313D39A} = {FB891A38-6BC8-46A4-B7A1-056CDED305DD}
		{E009D62B-D8FF-4288-9F06-63C48CEE9F75} = {73087F63-2EA5-49DA-BC77-9EC20964398B}
		{D7465D15-7567-424B-BDCC-0FE2A75E3DA0} = {37D707FD-C7B3-4534-B8D8-DDF2BF3B2C1D}
		{42D897B6-B341-45F3-97CB-FE3C5670B3BD} = {1E5F98AD-A7FD-4498-90BC-131AE00BDD16}
		{46D13EBA-7A43-457B-A0F7-0833C55C17A2} = {3901CDEE-4F50-4523-9F3B-28E849E7D14B}
		{3D7A1A75-226E-441F-85C6-7A186ADF0BB4} = {A8644CE4-63E8-4586-8652-0E92F9172756}
		{053A1C21-4C30-4B7E-BE9A-ED2D8F7DB7CF} = {B53CA5A2-2F9A-4CAC-9F16-B3E1953CD2A9}
		{1EF00147-2D72-4296-9358-0D8153ED96ED} = {90520B07-F4D8-496F-B117-11602B9FE8BF}
		{B579A11B-79F0-445F-9EE7-F5BF8F58C0DD} = {2C0C596B-AE52-4B13-AFDD-ADADD8C02BF2}
		{B4C01955-97D1-4E27-B1E2-536C9B8FFC4F} = {1E5F98AD-A7FD-4498-90BC-131AE00BDD16}
		{AD16CB7B-FCE5-40C2-B91B-12149F725119} = {374DA4BC-6828-4BF0-A035-6C8603B8C54A}
		{C6EE982B-768E-4B96-8245-460139E04B9F} = {0104D0C8-0E7E-4B10-9388-2E253863D8EB}
		{07DEBF16-2D60-4498-B511-FD2734659BEF} = {1E5F98AD-A7FD-4498-90BC-131AE00BDD16}
		{39C0A236-2DFF-4CDB-9EEE-0A0445489E0A} = {1E5F98AD-A7FD-4498-90BC-131AE00BDD16}
		{588F7D3A-E5CD-4CE1-8E12-3ABD992B085B} = {5765926D-B095-46CF-8F92-65EE44BD5B12}
	EndGlobalSection
	GlobalSection(ExtensibilityGlobals) = postSolution
		SolutionGuid = {CF455944-F079-4165-A653-6C4634A32889}
	EndGlobalSection
	GlobalSection(PowerDesigner) = preSolution
		HasSWS = 1
	EndGlobalSection
	GlobalSection(SubversionScc) = preSolution
		Svn-Managed = True
		Manager = AnkhSVN - Subversion Support for Visual Studio
	EndGlobalSection
EndGlobal
